
Microsoft Visual Studio Solution File, Format Version 12.00
# Visual Studio Version 16
VisualStudioVersion = 16.0.31624.102
MinimumVisualStudioVersion = 10.0.40219.1
Project("{FAE04EC0-301F-11D3-BF4B-00C04F79EFBC}") = "LibraryManagementSystem", "LibraryManagementSystem.csproj", "{C8A3A652-52B8-4785-B606-CB8B9EAC1FD2}"
EndProject
Global
	GlobalSection(SolutionConfigurationPlatforms) = preSolution
		Debug|Any CPU = Debug|Any CPU
		Release|Any CPU = Release|Any CPU
	EndGlobalSection
	GlobalSection(ProjectConfigurationPlatforms) = postSolution
		{C8A3A652-52B8-4785-B606-CB8B9EAC1FD2}.Debug|Any CPU.ActiveCfg = Debug|Any CPU
		{C8A3A652-52B8-4785-B606-CB8B9EAC1FD2}.Debug|Any CPU.Build.0 = Debug|Any CPU
		{C8A3A652-52B8-4785-B606-CB8B9EAC1FD2}.Release|Any CPU.ActiveCfg = Release|Any CPU
		{C8A3A652-52B8-4785-B606-CB8B9EAC1FD2}.Release|Any CPU.Build.0 = Release|Any CPU
	EndGlobalSection
	GlobalSection(SolutionProperties) = preSolution
		HideSolutionNode = FALSE
	EndGlobalSection
	GlobalSection(ExtensibilityGlobals) = postSolution
		SolutionGuid = {2A36F50D-0448-46C5-AF00-54FBF48E8D44}
	EndGlobalSection
EndGlobal
